
Microsoft Visual Studio Solution File, Format Version 12.00
# Visual Studio 15
VisualStudioVersion = 15.0.28010.2041
MinimumVisualStudioVersion = 10.0.40219.1
Project("{888888A0-9F3D-457C-B088-3A5042F75D52}") = "MProfile_DataAdmin", "MProfile_DataAdmin\MProfile_DataAdmin.pyproj", "{18813DC4-9FF7-4910-A0AB-C33DE92E4553}"
EndProject
Global
	GlobalSection(SolutionConfigurationPlatforms) = preSolution
		Debug|Any CPU = Debug|Any CPU
		Release|Any CPU = Release|Any CPU
	EndGlobalSection
	GlobalSection(ProjectConfigurationPlatforms) = postSolution
		{18813DC4-9FF7-4910-A0AB-C33DE92E4553}.Debug|Any CPU.ActiveCfg = Debug|Any CPU
		{18813DC4-9FF7-4910-A0AB-C33DE92E4553}.Debug|Any CPU.Build.0 = Debug|Any CPU
		{18813DC4-9FF7-4910-A0AB-C33DE92E4553}.Release|Any CPU.ActiveCfg = Release|Any CPU
		{18813DC4-9FF7-4910-A0AB-C33DE92E4553}.Release|Any CPU.Build.0 = Release|Any CPU
	EndGlobalSection
	GlobalSection(SolutionProperties) = preSolution
		HideSolutionNode = FALSE
	EndGlobalSection
	GlobalSection(ExtensibilityGlobals) = postSolution
		SolutionGuid = {3E1CA0DE-6201-43CC-895C-1EB9B904F60C}
	EndGlobalSection
EndGlobal
